<Solution>
  <Folder Name="/Task0/">
    <Project Path="Tyuiu.KupriyanovNM.Sprint1.Task0.V4.Lib/Tyuiu.KupriyanovNM.Sprint1.Task0.V4.Lib.csproj" />
    <Project Path="Tyuiu.KupriyanovNM.Sprint1.Task0.V4.Test/Tyuiu.KupriyanovNM.Sprint1.Task0.V4.Test.csproj" />
    <Project Path="Tyuiu.KupriyanovNM.Sprint1.Task0.V4/Tyuiu.KupriyanovNM.Sprint1.Task0.V4.csproj" />
  </Folder>
  <Folder Name="/Task1/">
    <Project Path="Tyuiu.KupriyanovNM.Sprint1.Task1.V16.Lib/Tyuiu.KupriyanovNM.Sprint1.Task1.V16.Lib.csproj" />
    <Project Path="Tyuiu.KupriyanovNM.Sprint1.Task1.V16.Test/Tyuiu.KupriyanovNM.Sprint1.Task1.V16.Test.csproj" />
    <Project Path="Tyuiu.KupriyanovNM.Sprint1.Task1.V16/Tyuiu.KupriyanovNM.Sprint1.Task1.V16.csproj" />
  </Folder>
</Solution>
