<Solution>
  <Folder Name="/Task0/">
    <Project Path="Tyuiu.KupriyanovNM.Sprint1.Task0.V4.Lib/Tyuiu.KupriyanovNM.Sprint1.Task0.V4.Lib.csproj" />
    <Project Path="Tyuiu.KupriyanovNM.Sprint1.Task0.V4.Test/Tyuiu.KupriyanovNM.Sprint1.Task0.V4.Test.csproj" />
    <Project Path="Tyuiu.KupriyanovNM.Sprint1.Task0.V4/Tyuiu.KupriyanovNM.Sprint1.Task0.V4.csproj" />
  </Folder>
  <Folder Name="/Task1/">
    <Project Path="Tyuiu.KupriyanovNM.Sprint1.Task1.V16.Lib/Tyuiu.KupriyanovNM.Sprint1.Task1.V16.Lib.csproj" />
    <Project Path="Tyuiu.KupriyanovNM.Sprint1.Task1.V16.Test/Tyuiu.KupriyanovNM.Sprint1.Task1.V16.Test.csproj" />
    <Project Path="Tyuiu.KupriyanovNM.Sprint1.Task1.V16/Tyuiu.KupriyanovNM.Sprint1.Task1.V16.csproj" />
  </Folder>
  <Folder Name="/Task2/">
    <Project Path="Tyuiu.KupriyanovNM.Sprint1.Task2.V13.Lib/Tyuiu.KupriyanovNM.Sprint1.Task2.V13.Lib.csproj" />
    <Project Path="Tyuiu.KupriyanovNM.Sprint1.Task2.V13.Test/Tyuiu.KupriyanovNM.Sprint1.Task2.V13.Test.csproj" />
    <Project Path="Tyuiu.KupriyanovNM.Sprint1.Task2.V13/Tyuiu.KupriyanovNM.Sprint1.Task2.V13.csproj" />
  </Folder>
  <Folder Name="/Task3/">
    <Project Path="Tyuiu.KupriyanovNM.Sprint1.Task3.V11.Lib/Tyuiu.KupriyanovNM.Sprint1.Task3.V11.Lib.csproj" />
    <Project Path="Tyuiu.KupriyanovNM.Sprint1.Task3.V11.Test/Tyuiu.KupriyanovNM.Sprint1.Task3.V11.Test.csproj" />
    <Project Path="Tyuiu.KupriyanovNM.Sprint1.Task3.V11/Tyuiu.KupriyanovNM.Sprint1.Task3.V11.csproj" />
  </Folder>
  <Folder Name="/Task4/">
    <Project Path="Tyuiu.KupriyanovNM.Sprint1.Task4.V2.Lib/Tyuiu.KupriyanovNM.Sprint1.Task4.V2.Lib.csproj" />
    <Project Path="Tyuiu.KupriyanovNM.Sprint1.Task4.V2.Test/Tyuiu.KupriyanovNM.Sprint1.Task4.V2.Test.csproj" />
    <Project Path="Tyuiu.KupriyanovNM.Sprint1.Task4.V2/Tyuiu.KupriyanovNM.Sprint1.Task4.V2.csproj" />
  </Folder>
  <Folder Name="/Task5/">
    <Project Path="Tyuiu.KupriyanovNM.Sprint1.Task5.V7.Lib/Tyuiu.KupriyanovNM.Sprint1.Task5.V7.Lib.csproj" />
    <Project Path="Tyuiu.KupriyanovNM.Sprint1.Task5.V7.Test/Tyuiu.KupriyanovNM.Sprint1.Task5.V7.Test.csproj" />
    <Project Path="Tyuiu.KupriyanovNM.Sprint1.Task5.V7/Tyuiu.KupriyanovNM.Sprint1.Task5.V7.csproj" />
  </Folder>
  <Folder Name="/Task6/">
    <Project Path="Tyuiu.KupriyanovNM.Sprint1.Task6.V5.Lib/Tyuiu.KupriyanovNM.Sprint1.Task6.V5.Lib.csproj" Id="de8ec3fc-7019-44d1-b4f7-7669446bdb1e" />
    <Project Path="Tyuiu.KupriyanovNM.Sprint1.Task6.V5.Test/Tyuiu.KupriyanovNM.Sprint1.Task6.V5.Test.csproj" Id="429dbb26-aaf3-43c9-a131-e0d8574f658f" />
    <Project Path="Tyuiu.KupriyanovNM.Sprint1.Task6.V5/Tyuiu.KupriyanovNM.Sprint1.Task6.V5.csproj" Id="9cc5859b-d072-46bf-8235-beac4a0ce30e" />
  </Folder>
  <Folder Name="/Task7/">
    <Project Path="Tyuiu.KupriyanovNM.Sprint1.Task7.V17.Lib/Tyuiu.KupriyanovNM.Sprint1.Task7.V17.Lib.csproj" Id="90b03779-f0ec-4497-aa55-383f4b5e5ec5" />
    <Project Path="Tyuiu.KupriyanovNM.Sprint1.Task7.V17.Test/Tyuiu.KupriyanovNM.Sprint1.Task7.V17.Test.csproj" Id="bb5f4dbe-5697-4709-a08e-9fc7b22cb10b" />
    <Project Path="Tyuiu.KupriyanovNM.Sprint1.Task7.V17/Tyuiu.KupriyanovNM.Sprint1.Task7.V17.csproj" Id="03122023-a0fc-4203-afda-a60c66dd829b" />
  </Folder>
</Solution>
